
Microsoft Visual Studio Solution File, Format Version 12.00
# Visual Studio Version 16
VisualStudioVersion = 16.0.30611.23
MinimumVisualStudioVersion = 10.0.40219.1
Project("{FAE04EC0-301F-11D3-BF4B-00C04F79EFBC}") = "testArray", "testArray.csproj", "{AD50114C-B656-4334-9247-AF0FDCCAC41A}"
EndProject
Global
	GlobalSection(SolutionConfigurationPlatforms) = preSolution
		Debug|Any CPU = Debug|Any CPU
		Release|Any CPU = Release|Any CPU
	EndGlobalSection
	GlobalSection(ProjectConfigurationPlatforms) = postSolution
		{AD50114C-B656-4334-9247-AF0FDCCAC41A}.Debug|Any CPU.ActiveCfg = Debug|Any CPU
		{AD50114C-B656-4334-9247-AF0FDCCAC41A}.Debug|Any CPU.Build.0 = Debug|Any CPU
		{AD50114C-B656-4334-9247-AF0FDCCAC41A}.Release|Any CPU.ActiveCfg = Release|Any CPU
		{AD50114C-B656-4334-9247-AF0FDCCAC41A}.Release|Any CPU.Build.0 = Release|Any CPU
	EndGlobalSection
	GlobalSection(SolutionProperties) = preSolution
		HideSolutionNode = FALSE
	EndGlobalSection
	GlobalSection(ExtensibilityGlobals) = postSolution
		SolutionGuid = {453A7AF7-1049-4CFD-996E-2BFC2462A802}
	EndGlobalSection
EndGlobal
