
Microsoft Visual Studio Solution File, Format Version 12.00
# Visual Studio Version 16
VisualStudioVersion = 16.0.30611.23
MinimumVisualStudioVersion = 10.0.40219.1
Project("{FAE04EC0-301F-11D3-BF4B-00C04F79EFBC}") = "ClassAndObjects", "ClassAndObjects.csproj", "{8AC3CB52-70DF-41D6-ADE2-DBE45E59F040}"
EndProject
Global
	GlobalSection(SolutionConfigurationPlatforms) = preSolution
		Debug|Any CPU = Debug|Any CPU
		Release|Any CPU = Release|Any CPU
	EndGlobalSection
	GlobalSection(ProjectConfigurationPlatforms) = postSolution
		{8AC3CB52-70DF-41D6-ADE2-DBE45E59F040}.Debug|Any CPU.ActiveCfg = Debug|Any CPU
		{8AC3CB52-70DF-41D6-ADE2-DBE45E59F040}.Debug|Any CPU.Build.0 = Debug|Any CPU
		{8AC3CB52-70DF-41D6-ADE2-DBE45E59F040}.Release|Any CPU.ActiveCfg = Release|Any CPU
		{8AC3CB52-70DF-41D6-ADE2-DBE45E59F040}.Release|Any CPU.Build.0 = Release|Any CPU
	EndGlobalSection
	GlobalSection(SolutionProperties) = preSolution
		HideSolutionNode = FALSE
	EndGlobalSection
	GlobalSection(ExtensibilityGlobals) = postSolution
		SolutionGuid = {FE53A045-D6C5-4C84-967B-5E2FF2EC5379}
	EndGlobalSection
EndGlobal
