
Microsoft Visual Studio Solution File, Format Version 12.00
# Visual Studio Version 16
VisualStudioVersion = 16.0.30611.23
MinimumVisualStudioVersion = 10.0.40219.1
Project("{FAE04EC0-301F-11D3-BF4B-00C04F79EFBC}") = "Exception", "Exception.csproj", "{A8FCD059-9D53-412B-9038-CA6AB8FDBF24}"
EndProject
Global
	GlobalSection(SolutionConfigurationPlatforms) = preSolution
		Debug|Any CPU = Debug|Any CPU
		Release|Any CPU = Release|Any CPU
	EndGlobalSection
	GlobalSection(ProjectConfigurationPlatforms) = postSolution
		{A8FCD059-9D53-412B-9038-CA6AB8FDBF24}.Debug|Any CPU.ActiveCfg = Debug|Any CPU
		{A8FCD059-9D53-412B-9038-CA6AB8FDBF24}.Debug|Any CPU.Build.0 = Debug|Any CPU
		{A8FCD059-9D53-412B-9038-CA6AB8FDBF24}.Release|Any CPU.ActiveCfg = Release|Any CPU
		{A8FCD059-9D53-412B-9038-CA6AB8FDBF24}.Release|Any CPU.Build.0 = Release|Any CPU
	EndGlobalSection
	GlobalSection(SolutionProperties) = preSolution
		HideSolutionNode = FALSE
	EndGlobalSection
	GlobalSection(ExtensibilityGlobals) = postSolution
		SolutionGuid = {74C5488E-AB2F-4B76-8DF1-D3DA22D803ED}
	EndGlobalSection
EndGlobal
