
Microsoft Visual Studio Solution File, Format Version 12.00
# Visual Studio Version 16
VisualStudioVersion = 16.0.30611.23
MinimumVisualStudioVersion = 10.0.40219.1
Project("{FAE04EC0-301F-11D3-BF4B-00C04F79EFBC}") = "Enum", "Enum.csproj", "{C98FC7E0-B0F3-4197-AD71-820CE42AD36D}"
EndProject
Global
	GlobalSection(SolutionConfigurationPlatforms) = preSolution
		Debug|Any CPU = Debug|Any CPU
		Release|Any CPU = Release|Any CPU
	EndGlobalSection
	GlobalSection(ProjectConfigurationPlatforms) = postSolution
		{C98FC7E0-B0F3-4197-AD71-820CE42AD36D}.Debug|Any CPU.ActiveCfg = Debug|Any CPU
		{C98FC7E0-B0F3-4197-AD71-820CE42AD36D}.Debug|Any CPU.Build.0 = Debug|Any CPU
		{C98FC7E0-B0F3-4197-AD71-820CE42AD36D}.Release|Any CPU.ActiveCfg = Release|Any CPU
		{C98FC7E0-B0F3-4197-AD71-820CE42AD36D}.Release|Any CPU.Build.0 = Release|Any CPU
	EndGlobalSection
	GlobalSection(SolutionProperties) = preSolution
		HideSolutionNode = FALSE
	EndGlobalSection
	GlobalSection(ExtensibilityGlobals) = postSolution
		SolutionGuid = {02B06709-F9F6-4360-BC80-8A77CD4F2F36}
	EndGlobalSection
EndGlobal
